
Microsoft Visual Studio Solution File, Format Version 12.00
# Visual Studio Version 16
VisualStudioVersion = 16.0.30907.101
MinimumVisualStudioVersion = 10.0.40219.1
Project("{FAE04EC0-301F-11D3-BF4B-00C04F79EFBC}") = "1Lab", "1Lab\1Lab.csproj", "{F0463452-453B-40F6-8012-2B1AFAB3C489}"
EndProject
Global
	GlobalSection(SolutionConfigurationPlatforms) = preSolution
		Debug|Any CPU = Debug|Any CPU
		Release|Any CPU = Release|Any CPU
	EndGlobalSection
	GlobalSection(ProjectConfigurationPlatforms) = postSolution
		{F0463452-453B-40F6-8012-2B1AFAB3C489}.Debug|Any CPU.ActiveCfg = Debug|Any CPU
		{F0463452-453B-40F6-8012-2B1AFAB3C489}.Debug|Any CPU.Build.0 = Debug|Any CPU
		{F0463452-453B-40F6-8012-2B1AFAB3C489}.Release|Any CPU.ActiveCfg = Release|Any CPU
		{F0463452-453B-40F6-8012-2B1AFAB3C489}.Release|Any CPU.Build.0 = Release|Any CPU
	EndGlobalSection
	GlobalSection(SolutionProperties) = preSolution
		HideSolutionNode = FALSE
	EndGlobalSection
	GlobalSection(ExtensibilityGlobals) = postSolution
		SolutionGuid = {A5A53D4F-C7D5-4D25-ADD4-D78CE96A4A9E}
	EndGlobalSection
EndGlobal
